{
 "graph_lock": {
  "nodes": {
   "0": {
    "options": "fmt:fPIC=True\nfmt:header_only=False\nfmt:shared=False\nfmt:with_fmt_alias=False\njsoncpp:fPIC=True\njsoncpp:shared=False",
    "requires": [
     "1",
     "2"
    ],
    "path": "conanfile.txt",
    "context": "host"
   },
   "1": {
    "ref": "jsoncpp/1.9.3",
    "options": "fPIC=True\nshared=False",
    "package_id": "5fed66895e5b85fca4af6ac05bb157e1ffecb806",
    "prev": "0",
    "context": "host"
   },
   "2": {
    "ref": "fmt/7.0.2",
    "options": "fPIC=True\nheader_only=False\nshared=False\nwith_fmt_alias=False",
    "package_id": "5fed66895e5b85fca4af6ac05bb157e1ffecb806",
    "prev": "0",
    "context": "host"
   }
  },
  "revisions_enabled": false
 },
 "version": "0.4",
 "profile_host": "[settings]\narch=x86_64\narch_build=x86_64\nbuild_type=Debug\ncompiler=apple-clang\ncompiler.libcxx=libc++\ncompiler.version=11.0\nos=Macos\nos_build=Macos\n[options]\n[build_requires]\n[env]\n"
}