{
  "name": "generate-transaction-tests",
  "version": "1.0.0",
  "lockfileVersion": 1,
  "requires": true,
  "dependencies": {
    "@onflow/encode": {
      "version": "0.0.4",
      "resolved": "https://registry.npmjs.org/@onflow/encode/-/encode-0.0.4.tgz",
      "integrity": "sha512-SGWD7bK8XpGloQ3j5OEJARO4za0L0Ll24N2RyKfVeaYbNNHPo8W37bK5WZTR9xP2tREKWEt2nulONcyZrFzK/g==",
      "requires": {
        "rlp": "^2.2.4"
      }
    },
    "bn.js": {
      "version": "4.12.0",
      "resolved": "https://registry.npmjs.org/bn.js/-/bn.js-4.12.0.tgz",
      "integrity": "sha512-c98Bf3tPniI+scsdk237ku1Dc3ujXQTSgyiPUDEOe7tRkhrqridvh8klBv0HCEso1OLOYcHuCv/cS6DNxKH+ZA=="
    },
    "deepmerge": {
      "version": "4.2.2",
      "resolved": "https://registry.npmjs.org/deepmerge/-/deepmerge-4.2.2.tgz",
      "integrity": "sha512-FJ3UgI4gIl+PHZm53knsuSFpE+nESMr7M4v9QcgB7S63Kj/6WqMiFQJpBBYz1Pt+66bZpP3Q7Lye0Oo9MPKEdg=="
    },
    "rlp": {
      "version": "2.2.6",
      "resolved": "https://registry.npmjs.org/rlp/-/rlp-2.2.6.tgz",
      "integrity": "sha512-HAfAmL6SDYNWPUOJNrM500x4Thn4PZsEy5pijPh40U9WfNk0z15hUYzO9xVIMAdIHdFtD8CBDHd75Td1g36Mjg==",
      "requires": {
        "bn.js": "^4.11.1"
      }
    }
  }
}
